
Microsoft Visual Studio Solution File, Format Version 12.00
# Visual Studio Version 16
VisualStudioVersion = 16.0.31911.196
MinimumVisualStudioVersion = 10.0.40219.1
Project("{2150E333-8FDC-42A3-9474-1A3956D46DE8}") = "Backend", "Backend", "{D77CAF49-8C88-4390-901E-6D7963B48512}"
EndProject
Project("{FAE04EC0-301F-11D3-BF4B-00C04F79EFBC}") = "Project.Entity", "Project.Entity\Project.Entity.csproj", "{2C9EFE54-296E-4F80-A193-D596F28FD2C0}"
EndProject
Global
	GlobalSection(SolutionConfigurationPlatforms) = preSolution
		Debug|Any CPU = Debug|Any CPU
		Release|Any CPU = Release|Any CPU
	EndGlobalSection
	GlobalSection(ProjectConfigurationPlatforms) = postSolution
		{2C9EFE54-296E-4F80-A193-D596F28FD2C0}.Debug|Any CPU.ActiveCfg = Debug|Any CPU
		{2C9EFE54-296E-4F80-A193-D596F28FD2C0}.Debug|Any CPU.Build.0 = Debug|Any CPU
		{2C9EFE54-296E-4F80-A193-D596F28FD2C0}.Release|Any CPU.ActiveCfg = Release|Any CPU
		{2C9EFE54-296E-4F80-A193-D596F28FD2C0}.Release|Any CPU.Build.0 = Release|Any CPU
	EndGlobalSection
	GlobalSection(SolutionProperties) = preSolution
		HideSolutionNode = FALSE
	EndGlobalSection
	GlobalSection(NestedProjects) = preSolution
		{2C9EFE54-296E-4F80-A193-D596F28FD2C0} = {D77CAF49-8C88-4390-901E-6D7963B48512}
	EndGlobalSection
	GlobalSection(ExtensibilityGlobals) = postSolution
		SolutionGuid = {8E2F3E98-A585-4EEB-9C07-24B33E60E751}
	EndGlobalSection
EndGlobal
